
Microsoft Visual Studio Solution File, Format Version 12.00
# Visual Studio Version 16
VisualStudioVersion = 16.0.32002.261
MinimumVisualStudioVersion = 10.0.40219.1
Project("{FAE04EC0-301F-11D3-BF4B-00C04F79EFBC}") = "Pluginer", "Pluginer\Pluginer.csproj", "{06CF76B5-B847-45FD-B624-332FEC6AB4D6}"
EndProject
Global
	GlobalSection(SolutionConfigurationPlatforms) = preSolution
		Debug|Any CPU = Debug|Any CPU
		Release|Any CPU = Release|Any CPU
	EndGlobalSection
	GlobalSection(ProjectConfigurationPlatforms) = postSolution
		{06CF76B5-B847-45FD-B624-332FEC6AB4D6}.Debug|Any CPU.ActiveCfg = Debug|Any CPU
		{06CF76B5-B847-45FD-B624-332FEC6AB4D6}.Debug|Any CPU.Build.0 = Debug|Any CPU
		{06CF76B5-B847-45FD-B624-332FEC6AB4D6}.Release|Any CPU.ActiveCfg = Release|Any CPU
		{06CF76B5-B847-45FD-B624-332FEC6AB4D6}.Release|Any CPU.Build.0 = Release|Any CPU
	EndGlobalSection
	GlobalSection(SolutionProperties) = preSolution
		HideSolutionNode = FALSE
	EndGlobalSection
	GlobalSection(ExtensibilityGlobals) = postSolution
		SolutionGuid = {9865B20B-0049-4127-B0BA-3721D5D5A991}
	EndGlobalSection
EndGlobal
